// !$*UTF8*$!
{
	archiveVersion = 1;
	classes = {
	};
	objectVersion = 46;
	objects = {

/* Begin PBXBuildFile section */
		19A2C6AB1651029B00803EF5 /* UIKit.framework in Frameworks */ = {isa = PBXBuildFile; fileRef = 19A2C6AA1651029B00803EF5 /* UIKit.framework */; };
		19A2C6AD1651029B00803EF5 /* Foundation.framework in Frameworks */ = {isa = PBXBuildFile; fileRef = 19A2C6AC1651029B00803EF5 /* Foundation.framework */; };
		19A2C6AF1651029B00803EF5 /* CoreGraphics.framework in Frameworks */ = {isa = PBXBuildFile; fileRef = 19A2C6AE1651029B00803EF5 /* CoreGraphics.framework */; };
		19A2C6B51651029B00803EF5 /* InfoPlist.strings in Resources */ = {isa = PBXBuildFile; fileRef = 19A2C6B31651029B00803EF5 /* InfoPlist.strings */; };
		19A2C6B71651029B00803EF5 /* main.m in Sources */ = {isa = PBXBuildFile; fileRef = 19A2C6B61651029B00803EF5 /* main.m */; };
		19A2C6BB1651029B00803EF5 /* NDAppDelegate.m in Sources */ = {isa = PBXBuildFile; fileRef = 19A2C6BA1651029B00803EF5 /* NDAppDelegate.m */; };
		19A2C6BD1651029B00803EF5 /* Default.png in Resources */ = {isa = PBXBuildFile; fileRef = 19A2C6BC1651029B00803EF5 /* Default.png */; };
		19A2C6BF1651029B00803EF5 /* Default@2x.png in Resources */ = {isa = PBXBuildFile; fileRef = 19A2C6BE1651029B00803EF5 /* Default@2x.png */; };
		19A2C6C11651029B00803EF5 /* Default-568h@2x.png in Resources */ = {isa = PBXBuildFile; fileRef = 19A2C6C01651029B00803EF5 /* Default-568h@2x.png */; };
		19A2C6C41651029B00803EF5 /* NDViewController.m in Sources */ = {isa = PBXBuildFile; fileRef = 19A2C6C31651029B00803EF5 /* NDViewController.m */; };
		19A2C6C71651029B00803EF5 /* NDViewController_iPhone.xib in Resources */ = {isa = PBXBuildFile; fileRef = 19A2C6C51651029B00803EF5 /* NDViewController_iPhone.xib */; };
		19A2C6CA1651029B00803EF5 /* NDViewController_iPad.xib in Resources */ = {isa = PBXBuildFile; fileRef = 19A2C6C81651029B00803EF5 /* NDViewController_iPad.xib */; };
		19A2C6D2165102C500803EF5 /* NDHTMLtoPDF.m in Sources */ = {isa = PBXBuildFile; fileRef = 19A2C6D1165102C500803EF5 /* NDHTMLtoPDF.m */; };
/* End PBXBuildFile section */

/* Begin PBXFileReference section */
		19A2C6A61651029B00803EF5 /* HTMLtoPDF-Demo.app */ = {isa = PBXFileReference; explicitFileType = wrapper.application; includeInIndex = 0; path = "HTMLtoPDF-Demo.app"; sourceTree = BUILT_PRODUCTS_DIR; };
		19A2C6AA1651029B00803EF5 /* UIKit.framework */ = {isa = PBXFileReference; lastKnownFileType = wrapper.framework; name = UIKit.framework; path = System/Library/Frameworks/UIKit.framework; sourceTree = SDKROOT; };
		19A2C6AC1651029B00803EF5 /* Foundation.framework */ = {isa = PBXFileReference; lastKnownFileType = wrapper.framework; name = Foundation.framework; path = System/Library/Frameworks/Foundation.framework; sourceTree = SDKROOT; };
		19A2C6AE1651029B00803EF5 /* CoreGraphics.framework */ = {isa = PBXFileReference; lastKnownFileType = wrapper.framework; name = CoreGraphics.framework; path = System/Library/Frameworks/CoreGraphics.framework; sourceTree = SDKROOT; };
		19A2C6B21651029B00803EF5 /* HTMLtoPDF-Demo-Info.plist */ = {isa = PBXFileReference; lastKnownFileType = text.plist.xml; path = "HTMLtoPDF-Demo-Info.plist"; sourceTree = "<group>"; };
		19A2C6B41651029B00803EF5 /* en */ = {isa = PBXFileReference; lastKnownFileType = text.plist.strings; name = en; path = en.lproj/InfoPlist.strings; sourceTree = "<group>"; };
		19A2C6B61651029B00803EF5 /* main.m */ = {isa = PBXFileReference; lastKnownFileType = sourcecode.c.objc; path = main.m; sourceTree = "<group>"; };
		19A2C6B81651029B00803EF5 /* HTMLtoPDF-Demo-Prefix.pch */ = {isa = PBXFileReference; lastKnownFileType = sourcecode.c.h; path = "HTMLtoPDF-Demo-Prefix.pch"; sourceTree = "<group>"; };
		19A2C6B91651029B00803EF5 /* NDAppDelegate.h */ = {isa = PBXFileReference; lastKnownFileType = sourcecode.c.h; path = NDAppDelegate.h; sourceTree = "<group>"; };
		19A2C6BA1651029B00803EF5 /* NDAppDelegate.m */ = {isa = PBXFileReference; lastKnownFileType = sourcecode.c.objc; path = NDAppDelegate.m; sourceTree = "<group>"; };
		19A2C6BC1651029B00803EF5 /* Default.png */ = {isa = PBXFileReference; lastKnownFileType = image.png; path = Default.png; sourceTree = "<group>"; };
		19A2C6BE1651029B00803EF5 /* Default@2x.png */ = {isa = PBXFileReference; lastKnownFileType = image.png; path = "Default@2x.png"; sourceTree = "<group>"; };
		19A2C6C01651029B00803EF5 /* Default-568h@2x.png */ = {isa = PBXFileReference; lastKnownFileType = image.png; path = "Default-568h@2x.png"; sourceTree = "<group>"; };
		19A2C6C21651029B00803EF5 /* NDViewController.h */ = {isa = PBXFileReference; lastKnownFileType = sourcecode.c.h; path = NDViewController.h; sourceTree = "<group>"; };
		19A2C6C31651029B00803EF5 /* NDViewController.m */ = {isa = PBXFileReference; lastKnownFileType = sourcecode.c.objc; path = NDViewController.m; sourceTree = "<group>"; };
		19A2C6C61651029B00803EF5 /* en */ = {isa = PBXFileReference; lastKnownFileType = file.xib; name = en; path = en.lproj/NDViewController_iPhone.xib; sourceTree = "<group>"; };
		19A2C6C91651029B00803EF5 /* en */ = {isa = PBXFileReference; lastKnownFileType = file.xib; name = en; path = en.lproj/NDViewController_iPad.xib; sourceTree = "<group>"; };
		19A2C6D0165102C500803EF5 /* NDHTMLtoPDF.h */ = {isa = PBXFileReference; fileEncoding = 4; lastKnownFileType = sourcecode.c.h; name = NDHTMLtoPDF.h; path = ../NDHTMLtoPDF.h; sourceTree = "<group>"; };
		19A2C6D1165102C500803EF5 /* NDHTMLtoPDF.m */ = {isa = PBXFileReference; fileEncoding = 4; lastKnownFileType = sourcecode.c.objc; name = NDHTMLtoPDF.m; path = ../NDHTMLtoPDF.m; sourceTree = "<group>"; };
/* End PBXFileReference section */

/* Begin PBXFrameworksBuildPhase section */
		19A2C6A31651029B00803EF5 /* Frameworks */ = {
			isa = PBXFrameworksBuildPhase;
			buildActionMask = 2147483647;
			files = (
				19A2C6AB1651029B00803EF5 /* UIKit.framework in Frameworks */,
				19A2C6AD1651029B00803EF5 /* Foundation.framework in Frameworks */,
				19A2C6AF1651029B00803EF5 /* CoreGraphics.framework in Frameworks */,
			);
			runOnlyForDeploymentPostprocessing = 0;
		};
/* End PBXFrameworksBuildPhase section */

/* Begin PBXGroup section */
		19A2C69B1651029B00803EF5 = {
			isa = PBXGroup;
			children = (
				19A2C6D0165102C500803EF5 /* NDHTMLtoPDF.h */,
				19A2C6D1165102C500803EF5 /* NDHTMLtoPDF.m */,
				19A2C6B01651029B00803EF5 /* HTMLtoPDF-Demo */,
				19A2C6A91651029B00803EF5 /* Frameworks */,
				19A2C6A71651029B00803EF5 /* Products */,
			);
			sourceTree = "<group>";
		};
		19A2C6A71651029B00803EF5 /* Products */ = {
			isa = PBXGroup;
			children = (
				19A2C6A61651029B00803EF5 /* HTMLtoPDF-Demo.app */,
			);
			name = Products;
			sourceTree = "<group>";
		};
		19A2C6A91651029B00803EF5 /* Frameworks */ = {
			isa = PBXGroup;
			children = (
				19A2C6AA1651029B00803EF5 /* UIKit.framework */,
				19A2C6AC1651029B00803EF5 /* Foundation.framework */,
				19A2C6AE1651029B00803EF5 /* CoreGraphics.framework */,
			);
			name = Frameworks;
			sourceTree = "<group>";
		};
		19A2C6B01651029B00803EF5 /* HTMLtoPDF-Demo */ = {
			isa = PBXGroup;
			children = (
				19A2C6B91651029B00803EF5 /* NDAppDelegate.h */,
				19A2C6BA1651029B00803EF5 /* NDAppDelegate.m */,
				19A2C6C21651029B00803EF5 /* NDViewController.h */,
				19A2C6C31651029B00803EF5 /* NDViewController.m */,
				19A2C6C51651029B00803EF5 /* NDViewController_iPhone.xib */,
				19A2C6C81651029B00803EF5 /* NDViewController_iPad.xib */,
				19A2C6B11651029B00803EF5 /* Supporting Files */,
			);
			path = "HTMLtoPDF-Demo";
			sourceTree = "<group>";
		};
		19A2C6B11651029B00803EF5 /* Supporting Files */ = {
			isa = PBXGroup;
			children = (
				19A2C6B21651029B00803EF5 /* HTMLtoPDF-Demo-Info.plist */,
				19A2C6B31651029B00803EF5 /* InfoPlist.strings */,
				19A2C6B61651029B00803EF5 /* main.m */,
				19A2C6B81651029B00803EF5 /* HTMLtoPDF-Demo-Prefix.pch */,
				19A2C6BC1651029B00803EF5 /* Default.png */,
				19A2C6BE1651029B00803EF5 /* Default@2x.png */,
				19A2C6C01651029B00803EF5 /* Default-568h@2x.png */,
			);
			name = "Supporting Files";
			sourceTree = "<group>";
		};
/* End PBXGroup section */

/* Begin PBXNativeTarget section */
		19A2C6A51651029B00803EF5 /* HTMLtoPDF-Demo */ = {
			isa = PBXNativeTarget;
			buildConfigurationList = 19A2C6CD1651029B00803EF5 /* Build configuration list for PBXNativeTarget "HTMLtoPDF-Demo" */;
			buildPhases = (
				19A2C6A21651029B00803EF5 /* Sources */,
				19A2C6A31651029B00803EF5 /* Frameworks */,
				19A2C6A41651029B00803EF5 /* Resources */,
			);
			buildRules = (
			);
			dependencies = (
			);
			name = "HTMLtoPDF-Demo";
			productName = "HTMLtoPDF-Demo";
			productReference = 19A2C6A61651029B00803EF5 /* HTMLtoPDF-Demo.app */;
			productType = "com.apple.product-type.application";
		};
/* End PBXNativeTarget section */

/* Begin PBXProject section */
		19A2C69D1651029B00803EF5 /* Project object */ = {
			isa = PBXProject;
			attributes = {
				CLASSPREFIX = ND;
				LastUpgradeCheck = 0450;
				ORGANIZATIONNAME = Nurves;
			};
			buildConfigurationList = 19A2C6A01651029B00803EF5 /* Build configuration list for PBXProject "HTMLtoPDF-Demo" */;
			compatibilityVersion = "Xcode 3.2";
			developmentRegion = English;
			hasScannedForEncodings = 0;
			knownRegions = (
				en,
			);
			mainGroup = 19A2C69B1651029B00803EF5;
			productRefGroup = 19A2C6A71651029B00803EF5 /* Products */;
			projectDirPath = "";
			projectRoot = "";
			targets = (
				19A2C6A51651029B00803EF5 /* HTMLtoPDF-Demo */,
			);
		};
/* End PBXProject section */

/* Begin PBXResourcesBuildPhase section */
		19A2C6A41651029B00803EF5 /* Resources */ = {
			isa = PBXResourcesBuildPhase;
			buildActionMask = 2147483647;
			files = (
				19A2C6B51651029B00803EF5 /* InfoPlist.strings in Resources */,
				19A2C6BD1651029B00803EF5 /* Default.png in Resources */,
				19A2C6BF1651029B00803EF5 /* Default@2x.png in Resources */,
				19A2C6C11651029B00803EF5 /* Default-568h@2x.png in Resources */,
				19A2C6C71651029B00803EF5 /* NDViewController_iPhone.xib in Resources */,
				19A2C6CA1651029B00803EF5 /* NDViewController_iPad.xib in Resources */,
			);
			runOnlyForDeploymentPostprocessing = 0;
		};
/* End PBXResourcesBuildPhase section */

/* Begin PBXSourcesBuildPhase section */
		19A2C6A21651029B00803EF5 /* Sources */ = {
			isa = PBXSourcesBuildPhase;
			buildActionMask = 2147483647;
			files = (
				19A2C6B71651029B00803EF5 /* main.m in Sources */,
				19A2C6BB1651029B00803EF5 /* NDAppDelegate.m in Sources */,
				19A2C6C41651029B00803EF5 /* NDViewController.m in Sources */,
				19A2C6D2165102C500803EF5 /* NDHTMLtoPDF.m in Sources */,
			);
			runOnlyForDeploymentPostprocessing = 0;
		};
/* End PBXSourcesBuildPhase section */

/* Begin PBXVariantGroup section */
		19A2C6B31651029B00803EF5 /* InfoPlist.strings */ = {
			isa = PBXVariantGroup;
			children = (
				19A2C6B41651029B00803EF5 /* en */,
			);
			name = InfoPlist.strings;
			sourceTree = "<group>";
		};
		19A2C6C51651029B00803EF5 /* NDViewController_iPhone.xib */ = {
			isa = PBXVariantGroup;
			children = (
				19A2C6C61651029B00803EF5 /* en */,
			);
			name = NDViewController_iPhone.xib;
			sourceTree = "<group>";
		};
		19A2C6C81651029B00803EF5 /* NDViewController_iPad.xib */ = {
			isa = PBXVariantGroup;
			children = (
				19A2C6C91651029B00803EF5 /* en */,
			);
			name = NDViewController_iPad.xib;
			sourceTree = "<group>";
		};
/* End PBXVariantGroup section */

/* Begin XCBuildConfiguration section */
		19A2C6CB1651029B00803EF5 /* Debug */ = {
			isa = XCBuildConfiguration;
			buildSettings = {
				ALWAYS_SEARCH_USER_PATHS = NO;
				CLANG_CXX_LANGUAGE_STANDARD = "gnu++0x";
				CLANG_CXX_LIBRARY = "libc++";
				CLANG_ENABLE_OBJC_ARC = YES;
				CLANG_WARN_EMPTY_BODY = YES;
				CLANG_WARN__DUPLICATE_METHOD_MATCH = YES;
				"CODE_SIGN_IDENTITY[sdk=iphoneos*]" = "iPhone Developer";
				COPY_PHASE_STRIP = NO;
				GCC_C_LANGUAGE_STANDARD = gnu99;
				GCC_DYNAMIC_NO_PIC = NO;
				GCC_OPTIMIZATION_LEVEL = 0;
				GCC_PREPROCESSOR_DEFINITIONS = (
					"DEBUG=1",
					"$(inherited)",
				);
				GCC_SYMBOLS_PRIVATE_EXTERN = NO;
				GCC_WARN_ABOUT_RETURN_TYPE = YES;
				GCC_WARN_UNINITIALIZED_AUTOS = YES;
				GCC_WARN_UNUSED_VARIABLE = YES;
				IPHONEOS_DEPLOYMENT_TARGET = 6.0;
				SDKROOT = iphoneos;
				TARGETED_DEVICE_FAMILY = "1,2";
			};
			name = Debug;
		};
		19A2C6CC1651029B00803EF5 /* Release */ = {
			isa = XCBuildConfiguration;
			buildSettings = {
				ALWAYS_SEARCH_USER_PATHS = NO;
				CLANG_CXX_LANGUAGE_STANDARD = "gnu++0x";
				CLANG_CXX_LIBRARY = "libc++";
				CLANG_ENABLE_OBJC_ARC = YES;
				CLANG_WARN_EMPTY_BODY = YES;
				CLANG_WARN__DUPLICATE_METHOD_MATCH = YES;
				"CODE_SIGN_IDENTITY[sdk=iphoneos*]" = "iPhone Developer";
				COPY_PHASE_STRIP = YES;
				GCC_C_LANGUAGE_STANDARD = gnu99;
				GCC_WARN_ABOUT_RETURN_TYPE = YES;
				GCC_WARN_UNINITIALIZED_AUTOS = YES;
				GCC_WARN_UNUSED_VARIABLE = YES;
				IPHONEOS_DEPLOYMENT_TARGET = 6.0;
				OTHER_CFLAGS = "-DNS_BLOCK_ASSERTIONS=1";
				SDKROOT = iphoneos;
				TARGETED_DEVICE_FAMILY = "1,2";
				VALIDATE_PRODUCT = YES;
			};
			name = Release;
		};
		19A2C6CE1651029B00803EF5 /* Debug */ = {
			isa = XCBuildConfiguration;
			buildSettings = {
				GCC_PRECOMPILE_PREFIX_HEADER = YES;
				GCC_PREFIX_HEADER = "HTMLtoPDF-Demo/HTMLtoPDF-Demo-Prefix.pch";
				INFOPLIST_FILE = "HTMLtoPDF-Demo/HTMLtoPDF-Demo-Info.plist";
				PRODUCT_NAME = "$(TARGET_NAME)";
				WRAPPER_EXTENSION = app;
			};
			name = Debug;
		};
		19A2C6CF1651029B00803EF5 /* Release */ = {
			isa = XCBuildConfiguration;
			buildSettings = {
				GCC_PRECOMPILE_PREFIX_HEADER = YES;
				GCC_PREFIX_HEADER = "HTMLtoPDF-Demo/HTMLtoPDF-Demo-Prefix.pch";
				INFOPLIST_FILE = "HTMLtoPDF-Demo/HTMLtoPDF-Demo-Info.plist";
				PRODUCT_NAME = "$(TARGET_NAME)";
				WRAPPER_EXTENSION = app;
			};
			name = Release;
		};
/* End XCBuildConfiguration section */

/* Begin XCConfigurationList section */
		19A2C6A01651029B00803EF5 /* Build configuration list for PBXProject "HTMLtoPDF-Demo" */ = {
			isa = XCConfigurationList;
			buildConfigurations = (
				19A2C6CB1651029B00803EF5 /* Debug */,
				19A2C6CC1651029B00803EF5 /* Release */,
			);
			defaultConfigurationIsVisible = 0;
			defaultConfigurationName = Release;
		};
		19A2C6CD1651029B00803EF5 /* Build configuration list for PBXNativeTarget "HTMLtoPDF-Demo" */ = {
			isa = XCConfigurationList;
			buildConfigurations = (
				19A2C6CE1651029B00803EF5 /* Debug */,
				19A2C6CF1651029B00803EF5 /* Release */,
			);
			defaultConfigurationIsVisible = 0;
		};
/* End XCConfigurationList section */
	};
	rootObject = 19A2C69D1651029B00803EF5 /* Project object */;
}
